// !$*UTF8*$!
{
	archiveVersion = 1;
	classes = {
	};
	objectVersion = 55;
	objects = {

/* Begin PBXBuildFile section */
		007F3A06287E624100EE6B6C /* AppDelegate.swift in Sources */ = {isa = PBXBuildFile; fileRef = 007F3A05287E624100EE6B6C /* AppDelegate.swift */; };
		007F3A08287E624100EE6B6C /* SceneDelegate.swift in Sources */ = {isa = PBXBuildFile; fileRef = 007F3A07287E624100EE6B6C /* SceneDelegate.swift */; };
		007F3A0A287E624100EE6B6C /* DisplayViewController.swift in Sources */ = {isa = PBXBuildFile; fileRef = 007F3A09287E624100EE6B6C /* DisplayViewController.swift */; };
		007F3A0F287E624200EE6B6C /* Assets.xcassets in Resources */ = {isa = PBXBuildFile; fileRef = 007F3A0E287E624200EE6B6C /* Assets.xcassets */; };
		007F3A1D287E624200EE6B6C /* MUSINSAPriorTaskTests.swift in Sources */ = {isa = PBXBuildFile; fileRef = 007F3A1C287E624200EE6B6C /* MUSINSAPriorTaskTests.swift */; };
		007F3A27287E624200EE6B6C /* MUSINSAPriorTaskUITests.swift in Sources */ = {isa = PBXBuildFile; fileRef = 007F3A26287E624200EE6B6C /* MUSINSAPriorTaskUITests.swift */; };
		007F3A29287E624200EE6B6C /* MUSINSAPriorTaskUITestsLaunchTests.swift in Sources */ = {isa = PBXBuildFile; fileRef = 007F3A28287E624200EE6B6C /* MUSINSAPriorTaskUITestsLaunchTests.swift */; };
		007F3A3E287E6CE900EE6B6C /* Kingfisher in Frameworks */ = {isa = PBXBuildFile; productRef = 007F3A3D287E6CE900EE6B6C /* Kingfisher */; };
		007F3A41287E6D3600EE6B6C /* SnapKit in Frameworks */ = {isa = PBXBuildFile; productRef = 007F3A40287E6D3600EE6B6C /* SnapKit */; };
		007F3A44287E7ABF00EE6B6C /* TinyNetworking in Frameworks */ = {isa = PBXBuildFile; productRef = 007F3A43287E7ABF00EE6B6C /* TinyNetworking */; };
/* End PBXBuildFile section */

/* Begin PBXContainerItemProxy section */
		007F3A19287E624200EE6B6C /* PBXContainerItemProxy */ = {
			isa = PBXContainerItemProxy;
			containerPortal = 007F39FA287E624100EE6B6C /* Project object */;
			proxyType = 1;
			remoteGlobalIDString = 007F3A01287E624100EE6B6C;
			remoteInfo = MUSINSAPriorTask;
		};
		007F3A23287E624200EE6B6C /* PBXContainerItemProxy */ = {
			isa = PBXContainerItemProxy;
			containerPortal = 007F39FA287E624100EE6B6C /* Project object */;
			proxyType = 1;
			remoteGlobalIDString = 007F3A01287E624100EE6B6C;
			remoteInfo = MUSINSAPriorTask;
		};
/* End PBXContainerItemProxy section */

/* Begin PBXFileReference section */
		007F3A02287E624100EE6B6C /* MUSINSAPriorTask.app */ = {isa = PBXFileReference; explicitFileType = wrapper.application; includeInIndex = 0; path = MUSINSAPriorTask.app; sourceTree = BUILT_PRODUCTS_DIR; };
		007F3A05287E624100EE6B6C /* AppDelegate.swift */ = {isa = PBXFileReference; lastKnownFileType = sourcecode.swift; path = AppDelegate.swift; sourceTree = "<group>"; };
		007F3A07287E624100EE6B6C /* SceneDelegate.swift */ = {isa = PBXFileReference; lastKnownFileType = sourcecode.swift; path = SceneDelegate.swift; sourceTree = "<group>"; };
		007F3A09287E624100EE6B6C /* DisplayViewController.swift */ = {isa = PBXFileReference; lastKnownFileType = sourcecode.swift; path = DisplayViewController.swift; sourceTree = "<group>"; };
		007F3A0E287E624200EE6B6C /* Assets.xcassets */ = {isa = PBXFileReference; lastKnownFileType = folder.assetcatalog; path = Assets.xcassets; sourceTree = "<group>"; };
		007F3A13287E624200EE6B6C /* Info.plist */ = {isa = PBXFileReference; lastKnownFileType = text.plist.xml; path = Info.plist; sourceTree = "<group>"; };
		007F3A18287E624200EE6B6C /* MUSINSAPriorTaskTests.xctest */ = {isa = PBXFileReference; explicitFileType = wrapper.cfbundle; includeInIndex = 0; path = MUSINSAPriorTaskTests.xctest; sourceTree = BUILT_PRODUCTS_DIR; };
		007F3A1C287E624200EE6B6C /* MUSINSAPriorTaskTests.swift */ = {isa = PBXFileReference; lastKnownFileType = sourcecode.swift; path = MUSINSAPriorTaskTests.swift; sourceTree = "<group>"; };
		007F3A22287E624200EE6B6C /* MUSINSAPriorTaskUITests.xctest */ = {isa = PBXFileReference; explicitFileType = wrapper.cfbundle; includeInIndex = 0; path = MUSINSAPriorTaskUITests.xctest; sourceTree = BUILT_PRODUCTS_DIR; };
		007F3A26287E624200EE6B6C /* MUSINSAPriorTaskUITests.swift */ = {isa = PBXFileReference; lastKnownFileType = sourcecode.swift; path = MUSINSAPriorTaskUITests.swift; sourceTree = "<group>"; };
		007F3A28287E624200EE6B6C /* MUSINSAPriorTaskUITestsLaunchTests.swift */ = {isa = PBXFileReference; lastKnownFileType = sourcecode.swift; path = MUSINSAPriorTaskUITestsLaunchTests.swift; sourceTree = "<group>"; };
/* End PBXFileReference section */

/* Begin PBXFrameworksBuildPhase section */
		007F39FF287E624100EE6B6C /* Frameworks */ = {
			isa = PBXFrameworksBuildPhase;
			buildActionMask = 2147483647;
			files = (
				007F3A3E287E6CE900EE6B6C /* Kingfisher in Frameworks */,
				007F3A41287E6D3600EE6B6C /* SnapKit in Frameworks */,
				007F3A44287E7ABF00EE6B6C /* TinyNetworking in Frameworks */,
			);
			runOnlyForDeploymentPostprocessing = 0;
		};
		007F3A15287E624200EE6B6C /* Frameworks */ = {
			isa = PBXFrameworksBuildPhase;
			buildActionMask = 2147483647;
			files = (
			);
			runOnlyForDeploymentPostprocessing = 0;
		};
		007F3A1F287E624200EE6B6C /* Frameworks */ = {
			isa = PBXFrameworksBuildPhase;
			buildActionMask = 2147483647;
			files = (
			);
			runOnlyForDeploymentPostprocessing = 0;
		};
/* End PBXFrameworksBuildPhase section */

/* Begin PBXGroup section */
		007F39F9287E624100EE6B6C = {
			isa = PBXGroup;
			children = (
				007F3A04287E624100EE6B6C /* MUSINSAPriorTask */,
				007F3A1B287E624200EE6B6C /* MUSINSAPriorTaskTests */,
				007F3A25287E624200EE6B6C /* MUSINSAPriorTaskUITests */,
				007F3A03287E624100EE6B6C /* Products */,
			);
			sourceTree = "<group>";
		};
		007F3A03287E624100EE6B6C /* Products */ = {
			isa = PBXGroup;
			children = (
				007F3A02287E624100EE6B6C /* MUSINSAPriorTask.app */,
				007F3A18287E624200EE6B6C /* MUSINSAPriorTaskTests.xctest */,
				007F3A22287E624200EE6B6C /* MUSINSAPriorTaskUITests.xctest */,
			);
			name = Products;
			sourceTree = "<group>";
		};
		007F3A04287E624100EE6B6C /* MUSINSAPriorTask */ = {
			isa = PBXGroup;
			children = (
				007F3A35287E68E100EE6B6C /* Source */,
				007F3A13287E624200EE6B6C /* Info.plist */,
			);
			path = MUSINSAPriorTask;
			sourceTree = "<group>";
		};
		007F3A1B287E624200EE6B6C /* MUSINSAPriorTaskTests */ = {
			isa = PBXGroup;
			children = (
				007F3A1C287E624200EE6B6C /* MUSINSAPriorTaskTests.swift */,
			);
			path = MUSINSAPriorTaskTests;
			sourceTree = "<group>";
		};
		007F3A25287E624200EE6B6C /* MUSINSAPriorTaskUITests */ = {
			isa = PBXGroup;
			children = (
				007F3A26287E624200EE6B6C /* MUSINSAPriorTaskUITests.swift */,
				007F3A28287E624200EE6B6C /* MUSINSAPriorTaskUITestsLaunchTests.swift */,
			);
			path = MUSINSAPriorTaskUITests;
			sourceTree = "<group>";
		};
		007F3A35287E68E100EE6B6C /* Source */ = {
			isa = PBXGroup;
			children = (
				007F3A38287E68FD00EE6B6C /* Network */,
				007F3A37287E68FB00EE6B6C /* Util */,
				007F3A36287E68F900EE6B6C /* Entry */,
				007F3A39287E692600EE6B6C /* DisplayView */,
			);
			path = Source;
			sourceTree = "<group>";
		};
		007F3A36287E68F900EE6B6C /* Entry */ = {
			isa = PBXGroup;
			children = (
			);
			path = Entry;
			sourceTree = "<group>";
		};
		007F3A37287E68FB00EE6B6C /* Util */ = {
			isa = PBXGroup;
			children = (
				007F3A05287E624100EE6B6C /* AppDelegate.swift */,
				007F3A07287E624100EE6B6C /* SceneDelegate.swift */,
				007F3A0E287E624200EE6B6C /* Assets.xcassets */,
			);
			path = Util;
			sourceTree = "<group>";
		};
		007F3A38287E68FD00EE6B6C /* Network */ = {
			isa = PBXGroup;
			children = (
			);
			path = Network;
			sourceTree = "<group>";
		};
		007F3A39287E692600EE6B6C /* DisplayView */ = {
			isa = PBXGroup;
			children = (
				007F3A3B287E697400EE6B6C /* Presenter */,
				007F3A3A287E696500EE6B6C /* Repository */,
			);
			path = DisplayView;
			sourceTree = "<group>";
		};
		007F3A3A287E696500EE6B6C /* Repository */ = {
			isa = PBXGroup;
			children = (
			);
			path = Repository;
			sourceTree = "<group>";
		};
		007F3A3B287E697400EE6B6C /* Presenter */ = {
			isa = PBXGroup;
			children = (
				007F3A09287E624100EE6B6C /* DisplayViewController.swift */,
			);
			path = Presenter;
			sourceTree = "<group>";
		};
/* End PBXGroup section */

/* Begin PBXNativeTarget section */
		007F3A01287E624100EE6B6C /* MUSINSAPriorTask */ = {
			isa = PBXNativeTarget;
			buildConfigurationList = 007F3A2C287E624200EE6B6C /* Build configuration list for PBXNativeTarget "MUSINSAPriorTask" */;
			buildPhases = (
				007F39FE287E624100EE6B6C /* Sources */,
				007F39FF287E624100EE6B6C /* Frameworks */,
				007F3A00287E624100EE6B6C /* Resources */,
			);
			buildRules = (
			);
			dependencies = (
			);
			name = MUSINSAPriorTask;
			packageProductDependencies = (
				007F3A3D287E6CE900EE6B6C /* Kingfisher */,
				007F3A40287E6D3600EE6B6C /* SnapKit */,
				007F3A43287E7ABF00EE6B6C /* TinyNetworking */,
			);
			productName = MUSINSAPriorTask;
			productReference = 007F3A02287E624100EE6B6C /* MUSINSAPriorTask.app */;
			productType = "com.apple.product-type.application";
		};
		007F3A17287E624200EE6B6C /* MUSINSAPriorTaskTests */ = {
			isa = PBXNativeTarget;
			buildConfigurationList = 007F3A2F287E624200EE6B6C /* Build configuration list for PBXNativeTarget "MUSINSAPriorTaskTests" */;
			buildPhases = (
				007F3A14287E624200EE6B6C /* Sources */,
				007F3A15287E624200EE6B6C /* Frameworks */,
				007F3A16287E624200EE6B6C /* Resources */,
			);
			buildRules = (
			);
			dependencies = (
				007F3A1A287E624200EE6B6C /* PBXTargetDependency */,
			);
			name = MUSINSAPriorTaskTests;
			productName = MUSINSAPriorTaskTests;
			productReference = 007F3A18287E624200EE6B6C /* MUSINSAPriorTaskTests.xctest */;
			productType = "com.apple.product-type.bundle.unit-test";
		};
		007F3A21287E624200EE6B6C /* MUSINSAPriorTaskUITests */ = {
			isa = PBXNativeTarget;
			buildConfigurationList = 007F3A32287E624200EE6B6C /* Build configuration list for PBXNativeTarget "MUSINSAPriorTaskUITests" */;
			buildPhases = (
				007F3A1E287E624200EE6B6C /* Sources */,
				007F3A1F287E624200EE6B6C /* Frameworks */,
				007F3A20287E624200EE6B6C /* Resources */,
			);
			buildRules = (
			);
			dependencies = (
				007F3A24287E624200EE6B6C /* PBXTargetDependency */,
			);
			name = MUSINSAPriorTaskUITests;
			productName = MUSINSAPriorTaskUITests;
			productReference = 007F3A22287E624200EE6B6C /* MUSINSAPriorTaskUITests.xctest */;
			productType = "com.apple.product-type.bundle.ui-testing";
		};
/* End PBXNativeTarget section */

/* Begin PBXProject section */
		007F39FA287E624100EE6B6C /* Project object */ = {
			isa = PBXProject;
			attributes = {
				BuildIndependentTargetsInParallel = 1;
				LastSwiftUpdateCheck = 1310;
				LastUpgradeCheck = 1310;
				TargetAttributes = {
					007F3A01287E624100EE6B6C = {
						CreatedOnToolsVersion = 13.1;
					};
					007F3A17287E624200EE6B6C = {
						CreatedOnToolsVersion = 13.1;
						TestTargetID = 007F3A01287E624100EE6B6C;
					};
					007F3A21287E624200EE6B6C = {
						CreatedOnToolsVersion = 13.1;
						TestTargetID = 007F3A01287E624100EE6B6C;
					};
				};
			};
			buildConfigurationList = 007F39FD287E624100EE6B6C /* Build configuration list for PBXProject "MUSINSAPriorTask" */;
			compatibilityVersion = "Xcode 13.0";
			developmentRegion = en;
			hasScannedForEncodings = 0;
			knownRegions = (
				en,
				Base,
			);
			mainGroup = 007F39F9287E624100EE6B6C;
			packageReferences = (
				007F3A3C287E6CE900EE6B6C /* XCRemoteSwiftPackageReference "Kingfisher" */,
				007F3A3F287E6D3600EE6B6C /* XCRemoteSwiftPackageReference "SnapKit" */,
				007F3A42287E7ABF00EE6B6C /* XCRemoteSwiftPackageReference "TinyNetworking" */,
			);
			productRefGroup = 007F3A03287E624100EE6B6C /* Products */;
			projectDirPath = "";
			projectRoot = "";
			targets = (
				007F3A01287E624100EE6B6C /* MUSINSAPriorTask */,
				007F3A17287E624200EE6B6C /* MUSINSAPriorTaskTests */,
				007F3A21287E624200EE6B6C /* MUSINSAPriorTaskUITests */,
			);
		};
/* End PBXProject section */

/* Begin PBXResourcesBuildPhase section */
		007F3A00287E624100EE6B6C /* Resources */ = {
			isa = PBXResourcesBuildPhase;
			buildActionMask = 2147483647;
			files = (
				007F3A0F287E624200EE6B6C /* Assets.xcassets in Resources */,
			);
			runOnlyForDeploymentPostprocessing = 0;
		};
		007F3A16287E624200EE6B6C /* Resources */ = {
			isa = PBXResourcesBuildPhase;
			buildActionMask = 2147483647;
			files = (
			);
			runOnlyForDeploymentPostprocessing = 0;
		};
		007F3A20287E624200EE6B6C /* Resources */ = {
			isa = PBXResourcesBuildPhase;
			buildActionMask = 2147483647;
			files = (
			);
			runOnlyForDeploymentPostprocessing = 0;
		};
/* End PBXResourcesBuildPhase section */

/* Begin PBXSourcesBuildPhase section */
		007F39FE287E624100EE6B6C /* Sources */ = {
			isa = PBXSourcesBuildPhase;
			buildActionMask = 2147483647;
			files = (
				007F3A0A287E624100EE6B6C /* DisplayViewController.swift in Sources */,
				007F3A06287E624100EE6B6C /* AppDelegate.swift in Sources */,
				007F3A08287E624100EE6B6C /* SceneDelegate.swift in Sources */,
			);
			runOnlyForDeploymentPostprocessing = 0;
		};
		007F3A14287E624200EE6B6C /* Sources */ = {
			isa = PBXSourcesBuildPhase;
			buildActionMask = 2147483647;
			files = (
				007F3A1D287E624200EE6B6C /* MUSINSAPriorTaskTests.swift in Sources */,
			);
			runOnlyForDeploymentPostprocessing = 0;
		};
		007F3A1E287E624200EE6B6C /* Sources */ = {
			isa = PBXSourcesBuildPhase;
			buildActionMask = 2147483647;
			files = (
				007F3A27287E624200EE6B6C /* MUSINSAPriorTaskUITests.swift in Sources */,
				007F3A29287E624200EE6B6C /* MUSINSAPriorTaskUITestsLaunchTests.swift in Sources */,
			);
			runOnlyForDeploymentPostprocessing = 0;
		};
/* End PBXSourcesBuildPhase section */

/* Begin PBXTargetDependency section */
		007F3A1A287E624200EE6B6C /* PBXTargetDependency */ = {
			isa = PBXTargetDependency;
			target = 007F3A01287E624100EE6B6C /* MUSINSAPriorTask */;
			targetProxy = 007F3A19287E624200EE6B6C /* PBXContainerItemProxy */;
		};
		007F3A24287E624200EE6B6C /* PBXTargetDependency */ = {
			isa = PBXTargetDependency;
			target = 007F3A01287E624100EE6B6C /* MUSINSAPriorTask */;
			targetProxy = 007F3A23287E624200EE6B6C /* PBXContainerItemProxy */;
		};
/* End PBXTargetDependency section */

/* Begin XCBuildConfiguration section */
		007F3A2A287E624200EE6B6C /* Debug */ = {
			isa = XCBuildConfiguration;
			buildSettings = {
				ALWAYS_SEARCH_USER_PATHS = NO;
				CLANG_ANALYZER_NONNULL = YES;
				CLANG_ANALYZER_NUMBER_OBJECT_CONVERSION = YES_AGGRESSIVE;
				CLANG_CXX_LANGUAGE_STANDARD = "gnu++17";
				CLANG_CXX_LIBRARY = "libc++";
				CLANG_ENABLE_MODULES = YES;
				CLANG_ENABLE_OBJC_ARC = YES;
				CLANG_ENABLE_OBJC_WEAK = YES;
				CLANG_WARN_BLOCK_CAPTURE_AUTORELEASING = YES;
				CLANG_WARN_BOOL_CONVERSION = YES;
				CLANG_WARN_COMMA = YES;
				CLANG_WARN_CONSTANT_CONVERSION = YES;
				CLANG_WARN_DEPRECATED_OBJC_IMPLEMENTATIONS = YES;
				CLANG_WARN_DIRECT_OBJC_ISA_USAGE = YES_ERROR;
				CLANG_WARN_DOCUMENTATION_COMMENTS = YES;
				CLANG_WARN_EMPTY_BODY = YES;
				CLANG_WARN_ENUM_CONVERSION = YES;
				CLANG_WARN_INFINITE_RECURSION = YES;
				CLANG_WARN_INT_CONVERSION = YES;
				CLANG_WARN_NON_LITERAL_NULL_CONVERSION = YES;
				CLANG_WARN_OBJC_IMPLICIT_RETAIN_SELF = YES;
				CLANG_WARN_OBJC_LITERAL_CONVERSION = YES;
				CLANG_WARN_OBJC_ROOT_CLASS = YES_ERROR;
				CLANG_WARN_QUOTED_INCLUDE_IN_FRAMEWORK_HEADER = YES;
				CLANG_WARN_RANGE_LOOP_ANALYSIS = YES;
				CLANG_WARN_STRICT_PROTOTYPES = YES;
				CLANG_WARN_SUSPICIOUS_MOVE = YES;
				CLANG_WARN_UNGUARDED_AVAILABILITY = YES_AGGRESSIVE;
				CLANG_WARN_UNREACHABLE_CODE = YES;
				CLANG_WARN__DUPLICATE_METHOD_MATCH = YES;
				COPY_PHASE_STRIP = NO;
				DEBUG_INFORMATION_FORMAT = dwarf;
				ENABLE_STRICT_OBJC_MSGSEND = YES;
				ENABLE_TESTABILITY = YES;
				GCC_C_LANGUAGE_STANDARD = gnu11;
				GCC_DYNAMIC_NO_PIC = NO;
				GCC_NO_COMMON_BLOCKS = YES;
				GCC_OPTIMIZATION_LEVEL = 0;
				GCC_PREPROCESSOR_DEFINITIONS = (
					"DEBUG=1",
					"$(inherited)",
				);
				GCC_WARN_64_TO_32_BIT_CONVERSION = YES;
				GCC_WARN_ABOUT_RETURN_TYPE = YES_ERROR;
				GCC_WARN_UNDECLARED_SELECTOR = YES;
				GCC_WARN_UNINITIALIZED_AUTOS = YES_AGGRESSIVE;
				GCC_WARN_UNUSED_FUNCTION = YES;
				GCC_WARN_UNUSED_VARIABLE = YES;
				IPHONEOS_DEPLOYMENT_TARGET = 15.0;
				MTL_ENABLE_DEBUG_INFO = INCLUDE_SOURCE;
				MTL_FAST_MATH = YES;
				ONLY_ACTIVE_ARCH = YES;
				SDKROOT = iphoneos;
				SWIFT_ACTIVE_COMPILATION_CONDITIONS = DEBUG;
				SWIFT_OPTIMIZATION_LEVEL = "-Onone";
			};
			name = Debug;
		};
		007F3A2B287E624200EE6B6C /* Release */ = {
			isa = XCBuildConfiguration;
			buildSettings = {
				ALWAYS_SEARCH_USER_PATHS = NO;
				CLANG_ANALYZER_NONNULL = YES;
				CLANG_ANALYZER_NUMBER_OBJECT_CONVERSION = YES_AGGRESSIVE;
				CLANG_CXX_LANGUAGE_STANDARD = "gnu++17";
				CLANG_CXX_LIBRARY = "libc++";
				CLANG_ENABLE_MODULES = YES;
				CLANG_ENABLE_OBJC_ARC = YES;
				CLANG_ENABLE_OBJC_WEAK = YES;
				CLANG_WARN_BLOCK_CAPTURE_AUTORELEASING = YES;
				CLANG_WARN_BOOL_CONVERSION = YES;
				CLANG_WARN_COMMA = YES;
				CLANG_WARN_CONSTANT_CONVERSION = YES;
				CLANG_WARN_DEPRECATED_OBJC_IMPLEMENTATIONS = YES;
				CLANG_WARN_DIRECT_OBJC_ISA_USAGE = YES_ERROR;
				CLANG_WARN_DOCUMENTATION_COMMENTS = YES;
				CLANG_WARN_EMPTY_BODY = YES;
				CLANG_WARN_ENUM_CONVERSION = YES;
				CLANG_WARN_INFINITE_RECURSION = YES;
				CLANG_WARN_INT_CONVERSION = YES;
				CLANG_WARN_NON_LITERAL_NULL_CONVERSION = YES;
				CLANG_WARN_OBJC_IMPLICIT_RETAIN_SELF = YES;
				CLANG_WARN_OBJC_LITERAL_CONVERSION = YES;
				CLANG_WARN_OBJC_ROOT_CLASS = YES_ERROR;
				CLANG_WARN_QUOTED_INCLUDE_IN_FRAMEWORK_HEADER = YES;
				CLANG_WARN_RANGE_LOOP_ANALYSIS = YES;
				CLANG_WARN_STRICT_PROTOTYPES = YES;
				CLANG_WARN_SUSPICIOUS_MOVE = YES;
				CLANG_WARN_UNGUARDED_AVAILABILITY = YES_AGGRESSIVE;
				CLANG_WARN_UNREACHABLE_CODE = YES;
				CLANG_WARN__DUPLICATE_METHOD_MATCH = YES;
				COPY_PHASE_STRIP = NO;
				DEBUG_INFORMATION_FORMAT = "dwarf-with-dsym";
				ENABLE_NS_ASSERTIONS = NO;
				ENABLE_STRICT_OBJC_MSGSEND = YES;
				GCC_C_LANGUAGE_STANDARD = gnu11;
				GCC_NO_COMMON_BLOCKS = YES;
				GCC_WARN_64_TO_32_BIT_CONVERSION = YES;
				GCC_WARN_ABOUT_RETURN_TYPE = YES_ERROR;
				GCC_WARN_UNDECLARED_SELECTOR = YES;
				GCC_WARN_UNINITIALIZED_AUTOS = YES_AGGRESSIVE;
				GCC_WARN_UNUSED_FUNCTION = YES;
				GCC_WARN_UNUSED_VARIABLE = YES;
				IPHONEOS_DEPLOYMENT_TARGET = 15.0;
				MTL_ENABLE_DEBUG_INFO = NO;
				MTL_FAST_MATH = YES;
				SDKROOT = iphoneos;
				SWIFT_COMPILATION_MODE = wholemodule;
				SWIFT_OPTIMIZATION_LEVEL = "-O";
				VALIDATE_PRODUCT = YES;
			};
			name = Release;
		};
		007F3A2D287E624200EE6B6C /* Debug */ = {
			isa = XCBuildConfiguration;
			buildSettings = {
				ASSETCATALOG_COMPILER_APPICON_NAME = AppIcon;
				ASSETCATALOG_COMPILER_GLOBAL_ACCENT_COLOR_NAME = AccentColor;
				CODE_SIGN_STYLE = Automatic;
				CURRENT_PROJECT_VERSION = 1;
				DEVELOPMENT_TEAM = B3PWYBKFUK;
				GENERATE_INFOPLIST_FILE = YES;
				INFOPLIST_FILE = MUSINSAPriorTask/Info.plist;
				INFOPLIST_KEY_UIApplicationSupportsIndirectInputEvents = YES;
				INFOPLIST_KEY_UILaunchStoryboardName = LaunchScreen;
				INFOPLIST_KEY_UISupportedInterfaceOrientations_iPad = "UIInterfaceOrientationPortrait UIInterfaceOrientationPortraitUpsideDown UIInterfaceOrientationLandscapeLeft UIInterfaceOrientationLandscapeRight";
				INFOPLIST_KEY_UISupportedInterfaceOrientations_iPhone = "UIInterfaceOrientationPortrait UIInterfaceOrientationLandscapeLeft UIInterfaceOrientationLandscapeRight";
				IPHONEOS_DEPLOYMENT_TARGET = 13.0;
				LD_RUNPATH_SEARCH_PATHS = (
					"$(inherited)",
					"@executable_path/Frameworks",
				);
				MARKETING_VERSION = 1.0;
				PRODUCT_BUNDLE_IDENTIFIER = "Damagucci-Juice.MUSINSAPriorTask";
				PRODUCT_NAME = "$(TARGET_NAME)";
				SWIFT_EMIT_LOC_STRINGS = YES;
				SWIFT_VERSION = 5.0;
				TARGETED_DEVICE_FAMILY = 1;
			};
			name = Debug;
		};
		007F3A2E287E624200EE6B6C /* Release */ = {
			isa = XCBuildConfiguration;
			buildSettings = {
				ASSETCATALOG_COMPILER_APPICON_NAME = AppIcon;
				ASSETCATALOG_COMPILER_GLOBAL_ACCENT_COLOR_NAME = AccentColor;
				CODE_SIGN_STYLE = Automatic;
				CURRENT_PROJECT_VERSION = 1;
				DEVELOPMENT_TEAM = B3PWYBKFUK;
				GENERATE_INFOPLIST_FILE = YES;
				INFOPLIST_FILE = MUSINSAPriorTask/Info.plist;
				INFOPLIST_KEY_UIApplicationSupportsIndirectInputEvents = YES;
				INFOPLIST_KEY_UILaunchStoryboardName = LaunchScreen;
				INFOPLIST_KEY_UISupportedInterfaceOrientations_iPad = "UIInterfaceOrientationPortrait UIInterfaceOrientationPortraitUpsideDown UIInterfaceOrientationLandscapeLeft UIInterfaceOrientationLandscapeRight";
				INFOPLIST_KEY_UISupportedInterfaceOrientations_iPhone = "UIInterfaceOrientationPortrait UIInterfaceOrientationLandscapeLeft UIInterfaceOrientationLandscapeRight";
				IPHONEOS_DEPLOYMENT_TARGET = 13.0;
				LD_RUNPATH_SEARCH_PATHS = (
					"$(inherited)",
					"@executable_path/Frameworks",
				);
				MARKETING_VERSION = 1.0;
				PRODUCT_BUNDLE_IDENTIFIER = "Damagucci-Juice.MUSINSAPriorTask";
				PRODUCT_NAME = "$(TARGET_NAME)";
				SWIFT_EMIT_LOC_STRINGS = YES;
				SWIFT_VERSION = 5.0;
				TARGETED_DEVICE_FAMILY = 1;
			};
			name = Release;
		};
		007F3A30287E624200EE6B6C /* Debug */ = {
			isa = XCBuildConfiguration;
			buildSettings = {
				ALWAYS_EMBED_SWIFT_STANDARD_LIBRARIES = YES;
				BUNDLE_LOADER = "$(TEST_HOST)";
				CODE_SIGN_STYLE = Automatic;
				CURRENT_PROJECT_VERSION = 1;
				DEVELOPMENT_TEAM = B3PWYBKFUK;
				GENERATE_INFOPLIST_FILE = YES;
				IPHONEOS_DEPLOYMENT_TARGET = 15.0;
				LD_RUNPATH_SEARCH_PATHS = (
					"$(inherited)",
					"@executable_path/Frameworks",
					"@loader_path/Frameworks",
				);
				MARKETING_VERSION = 1.0;
				PRODUCT_BUNDLE_IDENTIFIER = "Damagucci-Juice.MUSINSAPriorTaskTests";
				PRODUCT_NAME = "$(TARGET_NAME)";
				SWIFT_EMIT_LOC_STRINGS = NO;
				SWIFT_VERSION = 5.0;
				TARGETED_DEVICE_FAMILY = "1,2";
				TEST_HOST = "$(BUILT_PRODUCTS_DIR)/MUSINSAPriorTask.app/MUSINSAPriorTask";
			};
			name = Debug;
		};
		007F3A31287E624200EE6B6C /* Release */ = {
			isa = XCBuildConfiguration;
			buildSettings = {
				ALWAYS_EMBED_SWIFT_STANDARD_LIBRARIES = YES;
				BUNDLE_LOADER = "$(TEST_HOST)";
				CODE_SIGN_STYLE = Automatic;
				CURRENT_PROJECT_VERSION = 1;
				DEVELOPMENT_TEAM = B3PWYBKFUK;
				GENERATE_INFOPLIST_FILE = YES;
				IPHONEOS_DEPLOYMENT_TARGET = 15.0;
				LD_RUNPATH_SEARCH_PATHS = (
					"$(inherited)",
					"@executable_path/Frameworks",
					"@loader_path/Frameworks",
				);
				MARKETING_VERSION = 1.0;
				PRODUCT_BUNDLE_IDENTIFIER = "Damagucci-Juice.MUSINSAPriorTaskTests";
				PRODUCT_NAME = "$(TARGET_NAME)";
				SWIFT_EMIT_LOC_STRINGS = NO;
				SWIFT_VERSION = 5.0;
				TARGETED_DEVICE_FAMILY = "1,2";
				TEST_HOST = "$(BUILT_PRODUCTS_DIR)/MUSINSAPriorTask.app/MUSINSAPriorTask";
			};
			name = Release;
		};
		007F3A33287E624200EE6B6C /* Debug */ = {
			isa = XCBuildConfiguration;
			buildSettings = {
				ALWAYS_EMBED_SWIFT_STANDARD_LIBRARIES = YES;
				CODE_SIGN_STYLE = Automatic;
				CURRENT_PROJECT_VERSION = 1;
				DEVELOPMENT_TEAM = B3PWYBKFUK;
				GENERATE_INFOPLIST_FILE = YES;
				LD_RUNPATH_SEARCH_PATHS = (
					"$(inherited)",
					"@executable_path/Frameworks",
					"@loader_path/Frameworks",
				);
				MARKETING_VERSION = 1.0;
				PRODUCT_BUNDLE_IDENTIFIER = "Damagucci-Juice.MUSINSAPriorTaskUITests";
				PRODUCT_NAME = "$(TARGET_NAME)";
				SWIFT_EMIT_LOC_STRINGS = NO;
				SWIFT_VERSION = 5.0;
				TARGETED_DEVICE_FAMILY = "1,2";
				TEST_TARGET_NAME = MUSINSAPriorTask;
			};
			name = Debug;
		};
		007F3A34287E624200EE6B6C /* Release */ = {
			isa = XCBuildConfiguration;
			buildSettings = {
				ALWAYS_EMBED_SWIFT_STANDARD_LIBRARIES = YES;
				CODE_SIGN_STYLE = Automatic;
				CURRENT_PROJECT_VERSION = 1;
				DEVELOPMENT_TEAM = B3PWYBKFUK;
				GENERATE_INFOPLIST_FILE = YES;
				LD_RUNPATH_SEARCH_PATHS = (
					"$(inherited)",
					"@executable_path/Frameworks",
					"@loader_path/Frameworks",
				);
				MARKETING_VERSION = 1.0;
				PRODUCT_BUNDLE_IDENTIFIER = "Damagucci-Juice.MUSINSAPriorTaskUITests";
				PRODUCT_NAME = "$(TARGET_NAME)";
				SWIFT_EMIT_LOC_STRINGS = NO;
				SWIFT_VERSION = 5.0;
				TARGETED_DEVICE_FAMILY = "1,2";
				TEST_TARGET_NAME = MUSINSAPriorTask;
			};
			name = Release;
		};
/* End XCBuildConfiguration section */

/* Begin XCConfigurationList section */
		007F39FD287E624100EE6B6C /* Build configuration list for PBXProject "MUSINSAPriorTask" */ = {
			isa = XCConfigurationList;
			buildConfigurations = (
				007F3A2A287E624200EE6B6C /* Debug */,
				007F3A2B287E624200EE6B6C /* Release */,
			);
			defaultConfigurationIsVisible = 0;
			defaultConfigurationName = Release;
		};
		007F3A2C287E624200EE6B6C /* Build configuration list for PBXNativeTarget "MUSINSAPriorTask" */ = {
			isa = XCConfigurationList;
			buildConfigurations = (
				007F3A2D287E624200EE6B6C /* Debug */,
				007F3A2E287E624200EE6B6C /* Release */,
			);
			defaultConfigurationIsVisible = 0;
			defaultConfigurationName = Release;
		};
		007F3A2F287E624200EE6B6C /* Build configuration list for PBXNativeTarget "MUSINSAPriorTaskTests" */ = {
			isa = XCConfigurationList;
			buildConfigurations = (
				007F3A30287E624200EE6B6C /* Debug */,
				007F3A31287E624200EE6B6C /* Release */,
			);
			defaultConfigurationIsVisible = 0;
			defaultConfigurationName = Release;
		};
		007F3A32287E624200EE6B6C /* Build configuration list for PBXNativeTarget "MUSINSAPriorTaskUITests" */ = {
			isa = XCConfigurationList;
			buildConfigurations = (
				007F3A33287E624200EE6B6C /* Debug */,
				007F3A34287E624200EE6B6C /* Release */,
			);
			defaultConfigurationIsVisible = 0;
			defaultConfigurationName = Release;
		};
/* End XCConfigurationList section */

/* Begin XCRemoteSwiftPackageReference section */
		007F3A3C287E6CE900EE6B6C /* XCRemoteSwiftPackageReference "Kingfisher" */ = {
			isa = XCRemoteSwiftPackageReference;
			repositoryURL = "https://github.com/onevcat/Kingfisher.git";
			requirement = {
				kind = upToNextMajorVersion;
				minimumVersion = 7.0.0;
			};
		};
		007F3A3F287E6D3600EE6B6C /* XCRemoteSwiftPackageReference "SnapKit" */ = {
			isa = XCRemoteSwiftPackageReference;
			repositoryURL = "https://github.com/SnapKit/SnapKit.git";
			requirement = {
				branch = develop;
				kind = branch;
			};
		};
		007F3A42287E7ABF00EE6B6C /* XCRemoteSwiftPackageReference "TinyNetworking" */ = {
			isa = XCRemoteSwiftPackageReference;
			repositoryURL = "https://github.com/jdisho/TinyNetworking.git";
			requirement = {
				kind = upToNextMajorVersion;
				minimumVersion = 5.0.0;
			};
		};
/* End XCRemoteSwiftPackageReference section */

/* Begin XCSwiftPackageProductDependency section */
		007F3A3D287E6CE900EE6B6C /* Kingfisher */ = {
			isa = XCSwiftPackageProductDependency;
			package = 007F3A3C287E6CE900EE6B6C /* XCRemoteSwiftPackageReference "Kingfisher" */;
			productName = Kingfisher;
		};
		007F3A40287E6D3600EE6B6C /* SnapKit */ = {
			isa = XCSwiftPackageProductDependency;
			package = 007F3A3F287E6D3600EE6B6C /* XCRemoteSwiftPackageReference "SnapKit" */;
			productName = SnapKit;
		};
		007F3A43287E7ABF00EE6B6C /* TinyNetworking */ = {
			isa = XCSwiftPackageProductDependency;
			package = 007F3A42287E7ABF00EE6B6C /* XCRemoteSwiftPackageReference "TinyNetworking" */;
			productName = TinyNetworking;
		};
/* End XCSwiftPackageProductDependency section */
	};
	rootObject = 007F39FA287E624100EE6B6C /* Project object */;
}
